
Microsoft Visual Studio Solution File, Format Version 12.00
# Visual Studio 2012
Project("{FAE04EC0-301F-11D3-BF4B-00C04F79EFBC}") = "space_miner", "..\..\space_miner.csproj", "{8A68B3AD-50F6-4F25-81ED-BC9A1B3DC3E8}"
EndProject
Project("{FAE04EC0-301F-11D3-BF4B-00C04F79EFBC}") = "space_miner_tests", "tests\space_miner_tests.csproj", "{CE5905B3-27D6-48BD-AD23-21480DED99EE}"
EndProject
Global
	GlobalSection(SolutionConfigurationPlatforms) = preSolution
		Debug|Any CPU = Debug|Any CPU
		Debug|x64 = Debug|x64
		Debug|x86 = Debug|x86
		ExportDebug|Any CPU = ExportDebug|Any CPU
		ExportDebug|x64 = ExportDebug|x64
		ExportDebug|x86 = ExportDebug|x86
		ExportRelease|Any CPU = ExportRelease|Any CPU
		ExportRelease|x64 = ExportRelease|x64
		ExportRelease|x86 = ExportRelease|x86
		Release|Any CPU = Release|Any CPU
		Release|x64 = Release|x64
		Release|x86 = Release|x86
	EndGlobalSection
	GlobalSection(ProjectConfigurationPlatforms) = postSolution
		{8A68B3AD-50F6-4F25-81ED-BC9A1B3DC3E8}.Debug|Any CPU.ActiveCfg = Debug|Any CPU
		{8A68B3AD-50F6-4F25-81ED-BC9A1B3DC3E8}.Debug|Any CPU.Build.0 = Debug|Any CPU
		{8A68B3AD-50F6-4F25-81ED-BC9A1B3DC3E8}.Debug|x64.ActiveCfg = Debug|Any CPU
		{8A68B3AD-50F6-4F25-81ED-BC9A1B3DC3E8}.Debug|x64.Build.0 = Debug|Any CPU
		{8A68B3AD-50F6-4F25-81ED-BC9A1B3DC3E8}.Debug|x86.ActiveCfg = Debug|Any CPU
		{8A68B3AD-50F6-4F25-81ED-BC9A1B3DC3E8}.Debug|x86.Build.0 = Debug|Any CPU
		{8A68B3AD-50F6-4F25-81ED-BC9A1B3DC3E8}.ExportDebug|Any CPU.ActiveCfg = ExportDebug|Any CPU
		{8A68B3AD-50F6-4F25-81ED-BC9A1B3DC3E8}.ExportDebug|Any CPU.Build.0 = ExportDebug|Any CPU
		{8A68B3AD-50F6-4F25-81ED-BC9A1B3DC3E8}.ExportDebug|x64.ActiveCfg = ExportDebug|Any CPU
		{8A68B3AD-50F6-4F25-81ED-BC9A1B3DC3E8}.ExportDebug|x64.Build.0 = ExportDebug|Any CPU
		{8A68B3AD-50F6-4F25-81ED-BC9A1B3DC3E8}.ExportDebug|x86.ActiveCfg = ExportDebug|Any CPU
		{8A68B3AD-50F6-4F25-81ED-BC9A1B3DC3E8}.ExportDebug|x86.Build.0 = ExportDebug|Any CPU
		{8A68B3AD-50F6-4F25-81ED-BC9A1B3DC3E8}.ExportRelease|Any CPU.ActiveCfg = ExportRelease|Any CPU
		{8A68B3AD-50F6-4F25-81ED-BC9A1B3DC3E8}.ExportRelease|Any CPU.Build.0 = ExportRelease|Any CPU
		{8A68B3AD-50F6-4F25-81ED-BC9A1B3DC3E8}.ExportRelease|x64.ActiveCfg = ExportRelease|Any CPU
		{8A68B3AD-50F6-4F25-81ED-BC9A1B3DC3E8}.ExportRelease|x64.Build.0 = ExportRelease|Any CPU
		{8A68B3AD-50F6-4F25-81ED-BC9A1B3DC3E8}.ExportRelease|x86.ActiveCfg = ExportRelease|Any CPU
		{8A68B3AD-50F6-4F25-81ED-BC9A1B3DC3E8}.ExportRelease|x86.Build.0 = ExportRelease|Any CPU
		{8A68B3AD-50F6-4F25-81ED-BC9A1B3DC3E8}.Release|Any CPU.ActiveCfg = Release|Any CPU
		{8A68B3AD-50F6-4F25-81ED-BC9A1B3DC3E8}.Release|Any CPU.Build.0 = Release|Any CPU
		{8A68B3AD-50F6-4F25-81ED-BC9A1B3DC3E8}.Release|x64.ActiveCfg = Release|Any CPU
		{8A68B3AD-50F6-4F25-81ED-BC9A1B3DC3E8}.Release|x64.Build.0 = Release|Any CPU
		{8A68B3AD-50F6-4F25-81ED-BC9A1B3DC3E8}.Release|x86.ActiveCfg = Release|Any CPU
		{8A68B3AD-50F6-4F25-81ED-BC9A1B3DC3E8}.Release|x86.Build.0 = Release|Any CPU
		{CE5905B3-27D6-48BD-AD23-21480DED99EE}.Debug|Any CPU.ActiveCfg = Debug|Any CPU
		{CE5905B3-27D6-48BD-AD23-21480DED99EE}.Debug|Any CPU.Build.0 = Debug|Any CPU
		{CE5905B3-27D6-48BD-AD23-21480DED99EE}.Debug|x64.ActiveCfg = Debug|Any CPU
		{CE5905B3-27D6-48BD-AD23-21480DED99EE}.Debug|x64.Build.0 = Debug|Any CPU
		{CE5905B3-27D6-48BD-AD23-21480DED99EE}.Debug|x86.ActiveCfg = Debug|Any CPU
		{CE5905B3-27D6-48BD-AD23-21480DED99EE}.Debug|x86.Build.0 = Debug|Any CPU
		{CE5905B3-27D6-48BD-AD23-21480DED99EE}.ExportDebug|Any CPU.ActiveCfg = ExportDebug|Any CPU
		{CE5905B3-27D6-48BD-AD23-21480DED99EE}.ExportDebug|Any CPU.Build.0 = ExportDebug|Any CPU
		{CE5905B3-27D6-48BD-AD23-21480DED99EE}.ExportDebug|x64.ActiveCfg = ExportDebug|Any CPU
		{CE5905B3-27D6-48BD-AD23-21480DED99EE}.ExportDebug|x64.Build.0 = ExportDebug|Any CPU
		{CE5905B3-27D6-48BD-AD23-21480DED99EE}.ExportDebug|x86.ActiveCfg = ExportDebug|Any CPU
		{CE5905B3-27D6-48BD-AD23-21480DED99EE}.ExportDebug|x86.Build.0 = ExportDebug|Any CPU
		{CE5905B3-27D6-48BD-AD23-21480DED99EE}.ExportRelease|Any CPU.ActiveCfg = ExportRelease|Any CPU
		{CE5905B3-27D6-48BD-AD23-21480DED99EE}.ExportRelease|Any CPU.Build.0 = ExportRelease|Any CPU
		{CE5905B3-27D6-48BD-AD23-21480DED99EE}.ExportRelease|x64.ActiveCfg = ExportRelease|Any CPU
		{CE5905B3-27D6-48BD-AD23-21480DED99EE}.ExportRelease|x64.Build.0 = ExportRelease|Any CPU
		{CE5905B3-27D6-48BD-AD23-21480DED99EE}.ExportRelease|x86.ActiveCfg = ExportRelease|Any CPU
		{CE5905B3-27D6-48BD-AD23-21480DED99EE}.ExportRelease|x86.Build.0 = ExportRelease|Any CPU
		{CE5905B3-27D6-48BD-AD23-21480DED99EE}.Release|Any CPU.ActiveCfg = Debug|Any CPU
		{CE5905B3-27D6-48BD-AD23-21480DED99EE}.Release|Any CPU.Build.0 = Debug|Any CPU
		{CE5905B3-27D6-48BD-AD23-21480DED99EE}.Release|x64.ActiveCfg = Debug|Any CPU
		{CE5905B3-27D6-48BD-AD23-21480DED99EE}.Release|x64.Build.0 = Debug|Any CPU
		{CE5905B3-27D6-48BD-AD23-21480DED99EE}.Release|x86.ActiveCfg = Debug|Any CPU
		{CE5905B3-27D6-48BD-AD23-21480DED99EE}.Release|x86.Build.0 = Debug|Any CPU
	EndGlobalSection
	GlobalSection(SolutionProperties) = preSolution
		HideSolutionNode = FALSE
	EndGlobalSection
	GlobalSection(NestedProjects) = preSolution
		{CE5905B3-27D6-48BD-AD23-21480DED99EE} = {0AB3BF05-4346-4AA6-1389-037BE0695223}
	EndGlobalSection
EndGlobal
