Microsoft Visual Studio Solution File, Format Version 12.00
# Visual Studio 2012
Project("{FAE04EC0-301F-11D3-BF4B-00C04F79EFBC}") = "GruInject", "GruInject.csproj", "{23FCC9EF-5EE7-48A5-94D1-2677101F99DC}"
EndProject
Global
	GlobalSection(SolutionConfigurationPlatforms) = preSolution
	Debug|Any CPU = Debug|Any CPU
	ExportDebug|Any CPU = ExportDebug|Any CPU
	ExportRelease|Any CPU = ExportRelease|Any CPU
	EndGlobalSection
	GlobalSection(ProjectConfigurationPlatforms) = postSolution
		{23FCC9EF-5EE7-48A5-94D1-2677101F99DC}.Debug|Any CPU.ActiveCfg = Debug|Any CPU
		{23FCC9EF-5EE7-48A5-94D1-2677101F99DC}.Debug|Any CPU.Build.0 = Debug|Any CPU
		{23FCC9EF-5EE7-48A5-94D1-2677101F99DC}.ExportDebug|Any CPU.ActiveCfg = ExportDebug|Any CPU
		{23FCC9EF-5EE7-48A5-94D1-2677101F99DC}.ExportDebug|Any CPU.Build.0 = ExportDebug|Any CPU
		{23FCC9EF-5EE7-48A5-94D1-2677101F99DC}.ExportRelease|Any CPU.ActiveCfg = ExportRelease|Any CPU
		{23FCC9EF-5EE7-48A5-94D1-2677101F99DC}.ExportRelease|Any CPU.Build.0 = ExportRelease|Any CPU
	EndGlobalSection
EndGlobal
